// !$*UTF8*$!
{
	archiveVersion = 1;
	classes = {
	};
	objectVersion = 46;
	objects = {

/* Begin PBXBuildFile section */
		698A7F1E1C0430CE00B17B4C /* main.m in Sources */ = {isa = PBXBuildFile; fileRef = 698A7F1D1C0430CE00B17B4C /* main.m */; };
		698A7F211C0430CE00B17B4C /* AppDelegate.m in Sources */ = {isa = PBXBuildFile; fileRef = 698A7F201C0430CE00B17B4C /* AppDelegate.m */; };
		698A7F241C0430CE00B17B4C /* FirstViewController.m in Sources */ = {isa = PBXBuildFile; fileRef = 698A7F231C0430CE00B17B4C /* FirstViewController.m */; };
		698A7F271C0430CE00B17B4C /* SecondViewController.m in Sources */ = {isa = PBXBuildFile; fileRef = 698A7F261C0430CE00B17B4C /* SecondViewController.m */; };
		698A7F2A1C0430CE00B17B4C /* Main.storyboard in Resources */ = {isa = PBXBuildFile; fileRef = 698A7F281C0430CE00B17B4C /* Main.storyboard */; };
		698A7F2C1C0430CE00B17B4C /* Assets.xcassets in Resources */ = {isa = PBXBuildFile; fileRef = 698A7F2B1C0430CE00B17B4C /* Assets.xcassets */; };
		698A7F2F1C0430CE00B17B4C /* LaunchScreen.storyboard in Resources */ = {isa = PBXBuildFile; fileRef = 698A7F2D1C0430CE00B17B4C /* LaunchScreen.storyboard */; };
		698A7F3A1C0430CF00B17B4C /* BlizkyServiciosTests.m in Sources */ = {isa = PBXBuildFile; fileRef = 698A7F391C0430CF00B17B4C /* BlizkyServiciosTests.m */; };
		698A7F451C0430CF00B17B4C /* BlizkyServiciosUITests.m in Sources */ = {isa = PBXBuildFile; fileRef = 698A7F441C0430CF00B17B4C /* BlizkyServiciosUITests.m */; };
/* End PBXBuildFile section */

/* Begin PBXContainerItemProxy section */
		698A7F361C0430CF00B17B4C /* PBXContainerItemProxy */ = {
			isa = PBXContainerItemProxy;
			containerPortal = 698A7F111C0430CE00B17B4C /* Project object */;
			proxyType = 1;
			remoteGlobalIDString = 698A7F181C0430CE00B17B4C;
			remoteInfo = BlizkyServicios;
		};
		698A7F411C0430CF00B17B4C /* PBXContainerItemProxy */ = {
			isa = PBXContainerItemProxy;
			containerPortal = 698A7F111C0430CE00B17B4C /* Project object */;
			proxyType = 1;
			remoteGlobalIDString = 698A7F181C0430CE00B17B4C;
			remoteInfo = BlizkyServicios;
		};
/* End PBXContainerItemProxy section */

/* Begin PBXFileReference section */
		698A7F191C0430CE00B17B4C /* BlizkyServicios.app */ = {isa = PBXFileReference; explicitFileType = wrapper.application; includeInIndex = 0; path = BlizkyServicios.app; sourceTree = BUILT_PRODUCTS_DIR; };
		698A7F1D1C0430CE00B17B4C /* main.m */ = {isa = PBXFileReference; lastKnownFileType = sourcecode.c.objc; path = main.m; sourceTree = "<group>"; };
		698A7F1F1C0430CE00B17B4C /* AppDelegate.h */ = {isa = PBXFileReference; lastKnownFileType = sourcecode.c.h; path = AppDelegate.h; sourceTree = "<group>"; };
		698A7F201C0430CE00B17B4C /* AppDelegate.m */ = {isa = PBXFileReference; lastKnownFileType = sourcecode.c.objc; path = AppDelegate.m; sourceTree = "<group>"; };
		698A7F221C0430CE00B17B4C /* FirstViewController.h */ = {isa = PBXFileReference; lastKnownFileType = sourcecode.c.h; path = FirstViewController.h; sourceTree = "<group>"; };
		698A7F231C0430CE00B17B4C /* FirstViewController.m */ = {isa = PBXFileReference; lastKnownFileType = sourcecode.c.objc; path = FirstViewController.m; sourceTree = "<group>"; };
		698A7F251C0430CE00B17B4C /* SecondViewController.h */ = {isa = PBXFileReference; lastKnownFileType = sourcecode.c.h; path = SecondViewController.h; sourceTree = "<group>"; };
		698A7F261C0430CE00B17B4C /* SecondViewController.m */ = {isa = PBXFileReference; lastKnownFileType = sourcecode.c.objc; path = SecondViewController.m; sourceTree = "<group>"; };
		698A7F291C0430CE00B17B4C /* Base */ = {isa = PBXFileReference; lastKnownFileType = file.storyboard; name = Base; path = Base.lproj/Main.storyboard; sourceTree = "<group>"; };
		698A7F2B1C0430CE00B17B4C /* Assets.xcassets */ = {isa = PBXFileReference; lastKnownFileType = folder.assetcatalog; path = Assets.xcassets; sourceTree = "<group>"; };
		698A7F2E1C0430CE00B17B4C /* Base */ = {isa = PBXFileReference; lastKnownFileType = file.storyboard; name = Base; path = Base.lproj/LaunchScreen.storyboard; sourceTree = "<group>"; };
		698A7F301C0430CE00B17B4C /* Info.plist */ = {isa = PBXFileReference; lastKnownFileType = text.plist.xml; path = Info.plist; sourceTree = "<group>"; };
		698A7F351C0430CF00B17B4C /* BlizkyServiciosTests.xctest */ = {isa = PBXFileReference; explicitFileType = wrapper.cfbundle; includeInIndex = 0; path = BlizkyServiciosTests.xctest; sourceTree = BUILT_PRODUCTS_DIR; };
		698A7F391C0430CF00B17B4C /* BlizkyServiciosTests.m */ = {isa = PBXFileReference; lastKnownFileType = sourcecode.c.objc; path = BlizkyServiciosTests.m; sourceTree = "<group>"; };
		698A7F3B1C0430CF00B17B4C /* Info.plist */ = {isa = PBXFileReference; lastKnownFileType = text.plist.xml; path = Info.plist; sourceTree = "<group>"; };
		698A7F401C0430CF00B17B4C /* BlizkyServiciosUITests.xctest */ = {isa = PBXFileReference; explicitFileType = wrapper.cfbundle; includeInIndex = 0; path = BlizkyServiciosUITests.xctest; sourceTree = BUILT_PRODUCTS_DIR; };
		698A7F441C0430CF00B17B4C /* BlizkyServiciosUITests.m */ = {isa = PBXFileReference; lastKnownFileType = sourcecode.c.objc; path = BlizkyServiciosUITests.m; sourceTree = "<group>"; };
		698A7F461C0430CF00B17B4C /* Info.plist */ = {isa = PBXFileReference; lastKnownFileType = text.plist.xml; path = Info.plist; sourceTree = "<group>"; };
/* End PBXFileReference section */

/* Begin PBXFrameworksBuildPhase section */
		698A7F161C0430CE00B17B4C /* Frameworks */ = {
			isa = PBXFrameworksBuildPhase;
			buildActionMask = 2147483647;
			files = (
			);
			runOnlyForDeploymentPostprocessing = 0;
		};
		698A7F321C0430CF00B17B4C /* Frameworks */ = {
			isa = PBXFrameworksBuildPhase;
			buildActionMask = 2147483647;
			files = (
			);
			runOnlyForDeploymentPostprocessing = 0;
		};
		698A7F3D1C0430CF00B17B4C /* Frameworks */ = {
			isa = PBXFrameworksBuildPhase;
			buildActionMask = 2147483647;
			files = (
			);
			runOnlyForDeploymentPostprocessing = 0;
		};
/* End PBXFrameworksBuildPhase section */

/* Begin PBXGroup section */
		698A7F101C0430CE00B17B4C = {
			isa = PBXGroup;
			children = (
				698A7F1B1C0430CE00B17B4C /* BlizkyServicios */,
				698A7F381C0430CF00B17B4C /* BlizkyServiciosTests */,
				698A7F431C0430CF00B17B4C /* BlizkyServiciosUITests */,
				698A7F1A1C0430CE00B17B4C /* Products */,
			);
			sourceTree = "<group>";
		};
		698A7F1A1C0430CE00B17B4C /* Products */ = {
			isa = PBXGroup;
			children = (
				698A7F191C0430CE00B17B4C /* BlizkyServicios.app */,
				698A7F351C0430CF00B17B4C /* BlizkyServiciosTests.xctest */,
				698A7F401C0430CF00B17B4C /* BlizkyServiciosUITests.xctest */,
			);
			name = Products;
			sourceTree = "<group>";
		};
		698A7F1B1C0430CE00B17B4C /* BlizkyServicios */ = {
			isa = PBXGroup;
			children = (
				698A7F1F1C0430CE00B17B4C /* AppDelegate.h */,
				698A7F201C0430CE00B17B4C /* AppDelegate.m */,
				698A7F221C0430CE00B17B4C /* FirstViewController.h */,
				698A7F231C0430CE00B17B4C /* FirstViewController.m */,
				698A7F251C0430CE00B17B4C /* SecondViewController.h */,
				698A7F261C0430CE00B17B4C /* SecondViewController.m */,
				698A7F281C0430CE00B17B4C /* Main.storyboard */,
				698A7F2B1C0430CE00B17B4C /* Assets.xcassets */,
				698A7F2D1C0430CE00B17B4C /* LaunchScreen.storyboard */,
				698A7F301C0430CE00B17B4C /* Info.plist */,
				698A7F1C1C0430CE00B17B4C /* Supporting Files */,
			);
			path = BlizkyServicios;
			sourceTree = "<group>";
		};
		698A7F1C1C0430CE00B17B4C /* Supporting Files */ = {
			isa = PBXGroup;
			children = (
				698A7F1D1C0430CE00B17B4C /* main.m */,
			);
			name = "Supporting Files";
			sourceTree = "<group>";
		};
		698A7F381C0430CF00B17B4C /* BlizkyServiciosTests */ = {
			isa = PBXGroup;
			children = (
				698A7F391C0430CF00B17B4C /* BlizkyServiciosTests.m */,
				698A7F3B1C0430CF00B17B4C /* Info.plist */,
			);
			path = BlizkyServiciosTests;
			sourceTree = "<group>";
		};
		698A7F431C0430CF00B17B4C /* BlizkyServiciosUITests */ = {
			isa = PBXGroup;
			children = (
				698A7F441C0430CF00B17B4C /* BlizkyServiciosUITests.m */,
				698A7F461C0430CF00B17B4C /* Info.plist */,
			);
			path = BlizkyServiciosUITests;
			sourceTree = "<group>";
		};
/* End PBXGroup section */

/* Begin PBXNativeTarget section */
		698A7F181C0430CE00B17B4C /* BlizkyServicios */ = {
			isa = PBXNativeTarget;
			buildConfigurationList = 698A7F491C0430CF00B17B4C /* Build configuration list for PBXNativeTarget "BlizkyServicios" */;
			buildPhases = (
				698A7F151C0430CE00B17B4C /* Sources */,
				698A7F161C0430CE00B17B4C /* Frameworks */,
				698A7F171C0430CE00B17B4C /* Resources */,
			);
			buildRules = (
			);
			dependencies = (
			);
			name = BlizkyServicios;
			productName = BlizkyServicios;
			productReference = 698A7F191C0430CE00B17B4C /* BlizkyServicios.app */;
			productType = "com.apple.product-type.application";
		};
		698A7F341C0430CF00B17B4C /* BlizkyServiciosTests */ = {
			isa = PBXNativeTarget;
			buildConfigurationList = 698A7F4C1C0430CF00B17B4C /* Build configuration list for PBXNativeTarget "BlizkyServiciosTests" */;
			buildPhases = (
				698A7F311C0430CF00B17B4C /* Sources */,
				698A7F321C0430CF00B17B4C /* Frameworks */,
				698A7F331C0430CF00B17B4C /* Resources */,
			);
			buildRules = (
			);
			dependencies = (
				698A7F371C0430CF00B17B4C /* PBXTargetDependency */,
			);
			name = BlizkyServiciosTests;
			productName = BlizkyServiciosTests;
			productReference = 698A7F351C0430CF00B17B4C /* BlizkyServiciosTests.xctest */;
			productType = "com.apple.product-type.bundle.unit-test";
		};
		698A7F3F1C0430CF00B17B4C /* BlizkyServiciosUITests */ = {
			isa = PBXNativeTarget;
			buildConfigurationList = 698A7F4F1C0430CF00B17B4C /* Build configuration list for PBXNativeTarget "BlizkyServiciosUITests" */;
			buildPhases = (
				698A7F3C1C0430CF00B17B4C /* Sources */,
				698A7F3D1C0430CF00B17B4C /* Frameworks */,
				698A7F3E1C0430CF00B17B4C /* Resources */,
			);
			buildRules = (
			);
			dependencies = (
				698A7F421C0430CF00B17B4C /* PBXTargetDependency */,
			);
			name = BlizkyServiciosUITests;
			productName = BlizkyServiciosUITests;
			productReference = 698A7F401C0430CF00B17B4C /* BlizkyServiciosUITests.xctest */;
			productType = "com.apple.product-type.bundle.ui-testing";
		};
/* End PBXNativeTarget section */

/* Begin PBXProject section */
		698A7F111C0430CE00B17B4C /* Project object */ = {
			isa = PBXProject;
			attributes = {
				LastUpgradeCheck = 0710;
				ORGANIZATIONNAME = DaCodes;
				TargetAttributes = {
					698A7F181C0430CE00B17B4C = {
						CreatedOnToolsVersion = 7.1.1;
					};
					698A7F341C0430CF00B17B4C = {
						CreatedOnToolsVersion = 7.1.1;
						TestTargetID = 698A7F181C0430CE00B17B4C;
					};
					698A7F3F1C0430CF00B17B4C = {
						CreatedOnToolsVersion = 7.1.1;
						TestTargetID = 698A7F181C0430CE00B17B4C;
					};
				};
			};
			buildConfigurationList = 698A7F141C0430CE00B17B4C /* Build configuration list for PBXProject "BlizkyServicios" */;
			compatibilityVersion = "Xcode 3.2";
			developmentRegion = English;
			hasScannedForEncodings = 0;
			knownRegions = (
				en,
				Base,
			);
			mainGroup = 698A7F101C0430CE00B17B4C;
			productRefGroup = 698A7F1A1C0430CE00B17B4C /* Products */;
			projectDirPath = "";
			projectRoot = "";
			targets = (
				698A7F181C0430CE00B17B4C /* BlizkyServicios */,
				698A7F341C0430CF00B17B4C /* BlizkyServiciosTests */,
				698A7F3F1C0430CF00B17B4C /* BlizkyServiciosUITests */,
			);
		};
/* End PBXProject section */

/* Begin PBXResourcesBuildPhase section */
		698A7F171C0430CE00B17B4C /* Resources */ = {
			isa = PBXResourcesBuildPhase;
			buildActionMask = 2147483647;
			files = (
				698A7F2F1C0430CE00B17B4C /* LaunchScreen.storyboard in Resources */,
				698A7F2C1C0430CE00B17B4C /* Assets.xcassets in Resources */,
				698A7F2A1C0430CE00B17B4C /* Main.storyboard in Resources */,
			);
			runOnlyForDeploymentPostprocessing = 0;
		};
		698A7F331C0430CF00B17B4C /* Resources */ = {
			isa = PBXResourcesBuildPhase;
			buildActionMask = 2147483647;
			files = (
			);
			runOnlyForDeploymentPostprocessing = 0;
		};
		698A7F3E1C0430CF00B17B4C /* Resources */ = {
			isa = PBXResourcesBuildPhase;
			buildActionMask = 2147483647;
			files = (
			);
			runOnlyForDeploymentPostprocessing = 0;
		};
/* End PBXResourcesBuildPhase section */

/* Begin PBXSourcesBuildPhase section */
		698A7F151C0430CE00B17B4C /* Sources */ = {
			isa = PBXSourcesBuildPhase;
			buildActionMask = 2147483647;
			files = (
				698A7F271C0430CE00B17B4C /* SecondViewController.m in Sources */,
				698A7F211C0430CE00B17B4C /* AppDelegate.m in Sources */,
				698A7F241C0430CE00B17B4C /* FirstViewController.m in Sources */,
				698A7F1E1C0430CE00B17B4C /* main.m in Sources */,
			);
			runOnlyForDeploymentPostprocessing = 0;
		};
		698A7F311C0430CF00B17B4C /* Sources */ = {
			isa = PBXSourcesBuildPhase;
			buildActionMask = 2147483647;
			files = (
				698A7F3A1C0430CF00B17B4C /* BlizkyServiciosTests.m in Sources */,
			);
			runOnlyForDeploymentPostprocessing = 0;
		};
		698A7F3C1C0430CF00B17B4C /* Sources */ = {
			isa = PBXSourcesBuildPhase;
			buildActionMask = 2147483647;
			files = (
				698A7F451C0430CF00B17B4C /* BlizkyServiciosUITests.m in Sources */,
			);
			runOnlyForDeploymentPostprocessing = 0;
		};
/* End PBXSourcesBuildPhase section */

/* Begin PBXTargetDependency section */
		698A7F371C0430CF00B17B4C /* PBXTargetDependency */ = {
			isa = PBXTargetDependency;
			target = 698A7F181C0430CE00B17B4C /* BlizkyServicios */;
			targetProxy = 698A7F361C0430CF00B17B4C /* PBXContainerItemProxy */;
		};
		698A7F421C0430CF00B17B4C /* PBXTargetDependency */ = {
			isa = PBXTargetDependency;
			target = 698A7F181C0430CE00B17B4C /* BlizkyServicios */;
			targetProxy = 698A7F411C0430CF00B17B4C /* PBXContainerItemProxy */;
		};
/* End PBXTargetDependency section */

/* Begin PBXVariantGroup section */
		698A7F281C0430CE00B17B4C /* Main.storyboard */ = {
			isa = PBXVariantGroup;
			children = (
				698A7F291C0430CE00B17B4C /* Base */,
			);
			name = Main.storyboard;
			sourceTree = "<group>";
		};
		698A7F2D1C0430CE00B17B4C /* LaunchScreen.storyboard */ = {
			isa = PBXVariantGroup;
			children = (
				698A7F2E1C0430CE00B17B4C /* Base */,
			);
			name = LaunchScreen.storyboard;
			sourceTree = "<group>";
		};
/* End PBXVariantGroup section */

/* Begin XCBuildConfiguration section */
		698A7F471C0430CF00B17B4C /* Debug */ = {
			isa = XCBuildConfiguration;
			buildSettings = {
				ALWAYS_SEARCH_USER_PATHS = NO;
				CLANG_CXX_LANGUAGE_STANDARD = "gnu++0x";
				CLANG_CXX_LIBRARY = "libc++";
				CLANG_ENABLE_MODULES = YES;
				CLANG_ENABLE_OBJC_ARC = YES;
				CLANG_WARN_BOOL_CONVERSION = YES;
				CLANG_WARN_CONSTANT_CONVERSION = YES;
				CLANG_WARN_DIRECT_OBJC_ISA_USAGE = YES_ERROR;
				CLANG_WARN_EMPTY_BODY = YES;
				CLANG_WARN_ENUM_CONVERSION = YES;
				CLANG_WARN_INT_CONVERSION = YES;
				CLANG_WARN_OBJC_ROOT_CLASS = YES_ERROR;
				CLANG_WARN_UNREACHABLE_CODE = YES;
				CLANG_WARN__DUPLICATE_METHOD_MATCH = YES;
				"CODE_SIGN_IDENTITY[sdk=iphoneos*]" = "iPhone Developer";
				COPY_PHASE_STRIP = NO;
				DEBUG_INFORMATION_FORMAT = dwarf;
				ENABLE_STRICT_OBJC_MSGSEND = YES;
				ENABLE_TESTABILITY = YES;
				GCC_C_LANGUAGE_STANDARD = gnu99;
				GCC_DYNAMIC_NO_PIC = NO;
				GCC_NO_COMMON_BLOCKS = YES;
				GCC_OPTIMIZATION_LEVEL = 0;
				GCC_PREPROCESSOR_DEFINITIONS = (
					"DEBUG=1",
					"$(inherited)",
				);
				GCC_WARN_64_TO_32_BIT_CONVERSION = YES;
				GCC_WARN_ABOUT_RETURN_TYPE = YES_ERROR;
				GCC_WARN_UNDECLARED_SELECTOR = YES;
				GCC_WARN_UNINITIALIZED_AUTOS = YES_AGGRESSIVE;
				GCC_WARN_UNUSED_FUNCTION = YES;
				GCC_WARN_UNUSED_VARIABLE = YES;
				IPHONEOS_DEPLOYMENT_TARGET = 9.1;
				MTL_ENABLE_DEBUG_INFO = YES;
				ONLY_ACTIVE_ARCH = YES;
				SDKROOT = iphoneos;
			};
			name = Debug;
		};
		698A7F481C0430CF00B17B4C /* Release */ = {
			isa = XCBuildConfiguration;
			buildSettings = {
				ALWAYS_SEARCH_USER_PATHS = NO;
				CLANG_CXX_LANGUAGE_STANDARD = "gnu++0x";
				CLANG_CXX_LIBRARY = "libc++";
				CLANG_ENABLE_MODULES = YES;
				CLANG_ENABLE_OBJC_ARC = YES;
				CLANG_WARN_BOOL_CONVERSION = YES;
				CLANG_WARN_CONSTANT_CONVERSION = YES;
				CLANG_WARN_DIRECT_OBJC_ISA_USAGE = YES_ERROR;
				CLANG_WARN_EMPTY_BODY = YES;
				CLANG_WARN_ENUM_CONVERSION = YES;
				CLANG_WARN_INT_CONVERSION = YES;
				CLANG_WARN_OBJC_ROOT_CLASS = YES_ERROR;
				CLANG_WARN_UNREACHABLE_CODE = YES;
				CLANG_WARN__DUPLICATE_METHOD_MATCH = YES;
				"CODE_SIGN_IDENTITY[sdk=iphoneos*]" = "iPhone Developer";
				COPY_PHASE_STRIP = NO;
				DEBUG_INFORMATION_FORMAT = "dwarf-with-dsym";
				ENABLE_NS_ASSERTIONS = NO;
				ENABLE_STRICT_OBJC_MSGSEND = YES;
				GCC_C_LANGUAGE_STANDARD = gnu99;
				GCC_NO_COMMON_BLOCKS = YES;
				GCC_WARN_64_TO_32_BIT_CONVERSION = YES;
				GCC_WARN_ABOUT_RETURN_TYPE = YES_ERROR;
				GCC_WARN_UNDECLARED_SELECTOR = YES;
				GCC_WARN_UNINITIALIZED_AUTOS = YES_AGGRESSIVE;
				GCC_WARN_UNUSED_FUNCTION = YES;
				GCC_WARN_UNUSED_VARIABLE = YES;
				IPHONEOS_DEPLOYMENT_TARGET = 9.1;
				MTL_ENABLE_DEBUG_INFO = NO;
				SDKROOT = iphoneos;
				VALIDATE_PRODUCT = YES;
			};
			name = Release;
		};
		698A7F4A1C0430CF00B17B4C /* Debug */ = {
			isa = XCBuildConfiguration;
			buildSettings = {
				ASSETCATALOG_COMPILER_APPICON_NAME = AppIcon;
				INFOPLIST_FILE = BlizkyServicios/Info.plist;
				LD_RUNPATH_SEARCH_PATHS = "$(inherited) @executable_path/Frameworks";
				PRODUCT_BUNDLE_IDENTIFIER = com.dacodes.BlizkyServicios;
				PRODUCT_NAME = "$(TARGET_NAME)";
			};
			name = Debug;
		};
		698A7F4B1C0430CF00B17B4C /* Release */ = {
			isa = XCBuildConfiguration;
			buildSettings = {
				ASSETCATALOG_COMPILER_APPICON_NAME = AppIcon;
				INFOPLIST_FILE = BlizkyServicios/Info.plist;
				LD_RUNPATH_SEARCH_PATHS = "$(inherited) @executable_path/Frameworks";
				PRODUCT_BUNDLE_IDENTIFIER = com.dacodes.BlizkyServicios;
				PRODUCT_NAME = "$(TARGET_NAME)";
			};
			name = Release;
		};
		698A7F4D1C0430CF00B17B4C /* Debug */ = {
			isa = XCBuildConfiguration;
			buildSettings = {
				BUNDLE_LOADER = "$(TEST_HOST)";
				INFOPLIST_FILE = BlizkyServiciosTests/Info.plist;
				LD_RUNPATH_SEARCH_PATHS = "$(inherited) @executable_path/Frameworks @loader_path/Frameworks";
				PRODUCT_BUNDLE_IDENTIFIER = com.dacodes.BlizkyServiciosTests;
				PRODUCT_NAME = "$(TARGET_NAME)";
				TEST_HOST = "$(BUILT_PRODUCTS_DIR)/BlizkyServicios.app/BlizkyServicios";
			};
			name = Debug;
		};
		698A7F4E1C0430CF00B17B4C /* Release */ = {
			isa = XCBuildConfiguration;
			buildSettings = {
				BUNDLE_LOADER = "$(TEST_HOST)";
				INFOPLIST_FILE = BlizkyServiciosTests/Info.plist;
				LD_RUNPATH_SEARCH_PATHS = "$(inherited) @executable_path/Frameworks @loader_path/Frameworks";
				PRODUCT_BUNDLE_IDENTIFIER = com.dacodes.BlizkyServiciosTests;
				PRODUCT_NAME = "$(TARGET_NAME)";
				TEST_HOST = "$(BUILT_PRODUCTS_DIR)/BlizkyServicios.app/BlizkyServicios";
			};
			name = Release;
		};
		698A7F501C0430CF00B17B4C /* Debug */ = {
			isa = XCBuildConfiguration;
			buildSettings = {
				INFOPLIST_FILE = BlizkyServiciosUITests/Info.plist;
				LD_RUNPATH_SEARCH_PATHS = "$(inherited) @executable_path/Frameworks @loader_path/Frameworks";
				PRODUCT_BUNDLE_IDENTIFIER = com.dacodes.BlizkyServiciosUITests;
				PRODUCT_NAME = "$(TARGET_NAME)";
				TEST_TARGET_NAME = BlizkyServicios;
				USES_XCTRUNNER = YES;
			};
			name = Debug;
		};
		698A7F511C0430CF00B17B4C /* Release */ = {
			isa = XCBuildConfiguration;
			buildSettings = {
				INFOPLIST_FILE = BlizkyServiciosUITests/Info.plist;
				LD_RUNPATH_SEARCH_PATHS = "$(inherited) @executable_path/Frameworks @loader_path/Frameworks";
				PRODUCT_BUNDLE_IDENTIFIER = com.dacodes.BlizkyServiciosUITests;
				PRODUCT_NAME = "$(TARGET_NAME)";
				TEST_TARGET_NAME = BlizkyServicios;
				USES_XCTRUNNER = YES;
			};
			name = Release;
		};
/* End XCBuildConfiguration section */

/* Begin XCConfigurationList section */
		698A7F141C0430CE00B17B4C /* Build configuration list for PBXProject "BlizkyServicios" */ = {
			isa = XCConfigurationList;
			buildConfigurations = (
				698A7F471C0430CF00B17B4C /* Debug */,
				698A7F481C0430CF00B17B4C /* Release */,
			);
			defaultConfigurationIsVisible = 0;
			defaultConfigurationName = Release;
		};
		698A7F491C0430CF00B17B4C /* Build configuration list for PBXNativeTarget "BlizkyServicios" */ = {
			isa = XCConfigurationList;
			buildConfigurations = (
				698A7F4A1C0430CF00B17B4C /* Debug */,
				698A7F4B1C0430CF00B17B4C /* Release */,
			);
			defaultConfigurationIsVisible = 0;
		};
		698A7F4C1C0430CF00B17B4C /* Build configuration list for PBXNativeTarget "BlizkyServiciosTests" */ = {
			isa = XCConfigurationList;
			buildConfigurations = (
				698A7F4D1C0430CF00B17B4C /* Debug */,
				698A7F4E1C0430CF00B17B4C /* Release */,
			);
			defaultConfigurationIsVisible = 0;
		};
		698A7F4F1C0430CF00B17B4C /* Build configuration list for PBXNativeTarget "BlizkyServiciosUITests" */ = {
			isa = XCConfigurationList;
			buildConfigurations = (
				698A7F501C0430CF00B17B4C /* Debug */,
				698A7F511C0430CF00B17B4C /* Release */,
			);
			defaultConfigurationIsVisible = 0;
		};
/* End XCConfigurationList section */
	};
	rootObject = 698A7F111C0430CE00B17B4C /* Project object */;
}
